github.com/Goathy/stack v0.0.0-20230228195306-480984a08777 h1:AKH575ncbgHY544pubI8523inA985EINTwwSlllk8H0=
github.com/Goathy/stack v0.0.0-20230228195306-480984a08777/go.mod h1:1fBMQJ6H2c9/YPHrSaszJspyMZ8ZsBu7zYWkmaQMc3w=
github.com/Goathy/stack v0.0.0-20230228223340-fb4d6add998e h1:Zs8DJo6iWCpRhKk0YXn4phzGRQuDeko8WbuTXRYf/8k=
github.com/Goathy/stack v0.0.0-20230228223340-fb4d6add998e/go.mod h1:1fBMQJ6H2c9/YPHrSaszJspyMZ8ZsBu7zYWkmaQMc3w=
github.com/Goathy/stack v0.0.0-20230301142112-8ab917ae6638 h1:tfxS1rIOiRMgbmslXHl+/1b+FfOfz2kWBSSiKy0DVuU=
github.com/Goathy/stack v0.0.0-20230301142112-8ab917ae6638/go.mod h1:1fBMQJ6H2c9/YPHrSaszJspyMZ8ZsBu7zYWkmaQMc3w=
